
Microsoft Visual Studio Solution File, Format Version 12.00
# Visual Studio 15
VisualStudioVersion = 15.0.27130.2010
MinimumVisualStudioVersion = 10.0.40219.1
Project("{FAE04EC0-301F-11D3-BF4B-00C04F79EFBC}") = "prismApp.Android", "prismApp\prismApp.Android\prismApp.Android.csproj", "{749DAD51-F10E-43A7-BD49-F0CDE3BE4675}"
EndProject
Project("{FAE04EC0-301F-11D3-BF4B-00C04F79EFBC}") = "prismApp.iOS", "prismApp\prismApp.iOS\prismApp.iOS.csproj", "{3EBF17A9-8FC5-4178-9D0D-5521A0228B60}"
EndProject
Project("{FAE04EC0-301F-11D3-BF4B-00C04F79EFBC}") = "prismApp", "prismApp\prismApp\prismApp.csproj", "{0B68D04B-BE9D-4A6B-906E-61183E46BB4F}"
EndProject
Global
	GlobalSection(SolutionConfigurationPlatforms) = preSolution
		Ad-Hoc|Any CPU = Ad-Hoc|Any CPU
		Ad-Hoc|iPhone = Ad-Hoc|iPhone
		Ad-Hoc|iPhoneSimulator = Ad-Hoc|iPhoneSimulator
		AppStore|Any CPU = AppStore|Any CPU
		AppStore|iPhone = AppStore|iPhone
		AppStore|iPhoneSimulator = AppStore|iPhoneSimulator
		Debug|Any CPU = Debug|Any CPU
		Debug|iPhone = Debug|iPhone
		Debug|iPhoneSimulator = Debug|iPhoneSimulator
		Release|Any CPU = Release|Any CPU
		Release|iPhone = Release|iPhone
		Release|iPhoneSimulator = Release|iPhoneSimulator
	EndGlobalSection
	GlobalSection(ProjectConfigurationPlatforms) = postSolution
		{749DAD51-F10E-43A7-BD49-F0CDE3BE4675}.Ad-Hoc|Any CPU.ActiveCfg = Release|Any CPU
		{749DAD51-F10E-43A7-BD49-F0CDE3BE4675}.Ad-Hoc|Any CPU.Build.0 = Release|Any CPU
		{749DAD51-F10E-43A7-BD49-F0CDE3BE4675}.Ad-Hoc|Any CPU.Deploy.0 = Release|Any CPU
		{749DAD51-F10E-43A7-BD49-F0CDE3BE4675}.Ad-Hoc|iPhone.ActiveCfg = Release|Any CPU
		{749DAD51-F10E-43A7-BD49-F0CDE3BE4675}.Ad-Hoc|iPhone.Build.0 = Release|Any CPU
		{749DAD51-F10E-43A7-BD49-F0CDE3BE4675}.Ad-Hoc|iPhone.Deploy.0 = Release|Any CPU
		{749DAD51-F10E-43A7-BD49-F0CDE3BE4675}.Ad-Hoc|iPhoneSimulator.ActiveCfg = Release|Any CPU
		{749DAD51-F10E-43A7-BD49-F0CDE3BE4675}.Ad-Hoc|iPhoneSimulator.Build.0 = Release|Any CPU
		{749DAD51-F10E-43A7-BD49-F0CDE3BE4675}.Ad-Hoc|iPhoneSimulator.Deploy.0 = Release|Any CPU
		{749DAD51-F10E-43A7-BD49-F0CDE3BE4675}.AppStore|Any CPU.ActiveCfg = Release|Any CPU
		{749DAD51-F10E-43A7-BD49-F0CDE3BE4675}.AppStore|Any CPU.Build.0 = Release|Any CPU
		{749DAD51-F10E-43A7-BD49-F0CDE3BE4675}.AppStore|Any CPU.Deploy.0 = Release|Any CPU
		{749DAD51-F10E-43A7-BD49-F0CDE3BE4675}.AppStore|iPhone.ActiveCfg = Release|Any CPU
		{749DAD51-F10E-43A7-BD49-F0CDE3BE4675}.AppStore|iPhone.Build.0 = Release|Any CPU
		{749DAD51-F10E-43A7-BD49-F0CDE3BE4675}.AppStore|iPhone.Deploy.0 = Release|Any CPU
		{749DAD51-F10E-43A7-BD49-F0CDE3BE4675}.AppStore|iPhoneSimulator.ActiveCfg = Release|Any CPU
		{749DAD51-F10E-43A7-BD49-F0CDE3BE4675}.AppStore|iPhoneSimulator.Build.0 = Release|Any CPU
		{749DAD51-F10E-43A7-BD49-F0CDE3BE4675}.AppStore|iPhoneSimulator.Deploy.0 = Release|Any CPU
		{749DAD51-F10E-43A7-BD49-F0CDE3BE4675}.Debug|Any CPU.ActiveCfg = Debug|Any CPU
		{749DAD51-F10E-43A7-BD49-F0CDE3BE4675}.Debug|Any CPU.Build.0 = Debug|Any CPU
		{749DAD51-F10E-43A7-BD49-F0CDE3BE4675}.Debug|Any CPU.Deploy.0 = Debug|Any CPU
		{749DAD51-F10E-43A7-BD49-F0CDE3BE4675}.Debug|iPhone.ActiveCfg = Debug|Any CPU
		{749DAD51-F10E-43A7-BD49-F0CDE3BE4675}.Debug|iPhone.Build.0 = Debug|Any CPU
		{749DAD51-F10E-43A7-BD49-F0CDE3BE4675}.Debug|iPhone.Deploy.0 = Debug|Any CPU
		{749DAD51-F10E-43A7-BD49-F0CDE3BE4675}.Debug|iPhoneSimulator.ActiveCfg = Debug|Any CPU
		{749DAD51-F10E-43A7-BD49-F0CDE3BE4675}.Debug|iPhoneSimulator.Build.0 = Debug|Any CPU
		{749DAD51-F10E-43A7-BD49-F0CDE3BE4675}.Debug|iPhoneSimulator.Deploy.0 = Debug|Any CPU
		{749DAD51-F10E-43A7-BD49-F0CDE3BE4675}.Release|Any CPU.ActiveCfg = Release|Any CPU
		{749DAD51-F10E-43A7-BD49-F0CDE3BE4675}.Release|Any CPU.Build.0 = Release|Any CPU
		{749DAD51-F10E-43A7-BD49-F0CDE3BE4675}.Release|Any CPU.Deploy.0 = Release|Any CPU
		{749DAD51-F10E-43A7-BD49-F0CDE3BE4675}.Release|iPhone.ActiveCfg = Release|Any CPU
		{749DAD51-F10E-43A7-BD49-F0CDE3BE4675}.Release|iPhone.Build.0 = Release|Any CPU
		{749DAD51-F10E-43A7-BD49-F0CDE3BE4675}.Release|iPhone.Deploy.0 = Release|Any CPU
		{749DAD51-F10E-43A7-BD49-F0CDE3BE4675}.Release|iPhoneSimulator.ActiveCfg = Release|Any CPU
		{749DAD51-F10E-43A7-BD49-F0CDE3BE4675}.Release|iPhoneSimulator.Build.0 = Release|Any CPU
		{749DAD51-F10E-43A7-BD49-F0CDE3BE4675}.Release|iPhoneSimulator.Deploy.0 = Release|Any CPU
		{3EBF17A9-8FC5-4178-9D0D-5521A0228B60}.Ad-Hoc|Any CPU.ActiveCfg = Ad-Hoc|iPhone
		{3EBF17A9-8FC5-4178-9D0D-5521A0228B60}.Ad-Hoc|iPhone.ActiveCfg = Ad-Hoc|iPhone
		{3EBF17A9-8FC5-4178-9D0D-5521A0228B60}.Ad-Hoc|iPhone.Build.0 = Ad-Hoc|iPhone
		{3EBF17A9-8FC5-4178-9D0D-5521A0228B60}.Ad-Hoc|iPhoneSimulator.ActiveCfg = Ad-Hoc|iPhoneSimulator
		{3EBF17A9-8FC5-4178-9D0D-5521A0228B60}.Ad-Hoc|iPhoneSimulator.Build.0 = Ad-Hoc|iPhoneSimulator
		{3EBF17A9-8FC5-4178-9D0D-5521A0228B60}.AppStore|Any CPU.ActiveCfg = AppStore|iPhone
		{3EBF17A9-8FC5-4178-9D0D-5521A0228B60}.AppStore|iPhone.ActiveCfg = AppStore|iPhone
		{3EBF17A9-8FC5-4178-9D0D-5521A0228B60}.AppStore|iPhone.Build.0 = AppStore|iPhone
		{3EBF17A9-8FC5-4178-9D0D-5521A0228B60}.AppStore|iPhoneSimulator.ActiveCfg = AppStore|iPhoneSimulator
		{3EBF17A9-8FC5-4178-9D0D-5521A0228B60}.AppStore|iPhoneSimulator.Build.0 = AppStore|iPhoneSimulator
		{3EBF17A9-8FC5-4178-9D0D-5521A0228B60}.Debug|Any CPU.ActiveCfg = Debug|iPhone
		{3EBF17A9-8FC5-4178-9D0D-5521A0228B60}.Debug|iPhone.ActiveCfg = Debug|iPhone
		{3EBF17A9-8FC5-4178-9D0D-5521A0228B60}.Debug|iPhone.Build.0 = Debug|iPhone
		{3EBF17A9-8FC5-4178-9D0D-5521A0228B60}.Debug|iPhoneSimulator.ActiveCfg = Debug|iPhoneSimulator
		{3EBF17A9-8FC5-4178-9D0D-5521A0228B60}.Debug|iPhoneSimulator.Build.0 = Debug|iPhoneSimulator
		{3EBF17A9-8FC5-4178-9D0D-5521A0228B60}.Release|Any CPU.ActiveCfg = Release|iPhone
		{3EBF17A9-8FC5-4178-9D0D-5521A0228B60}.Release|iPhone.ActiveCfg = Release|iPhone
		{3EBF17A9-8FC5-4178-9D0D-5521A0228B60}.Release|iPhone.Build.0 = Release|iPhone
		{3EBF17A9-8FC5-4178-9D0D-5521A0228B60}.Release|iPhoneSimulator.ActiveCfg = Release|iPhoneSimulator
		{3EBF17A9-8FC5-4178-9D0D-5521A0228B60}.Release|iPhoneSimulator.Build.0 = Release|iPhoneSimulator
		{0B68D04B-BE9D-4A6B-906E-61183E46BB4F}.Ad-Hoc|Any CPU.ActiveCfg = Debug|Any CPU
		{0B68D04B-BE9D-4A6B-906E-61183E46BB4F}.Ad-Hoc|Any CPU.Build.0 = Debug|Any CPU
		{0B68D04B-BE9D-4A6B-906E-61183E46BB4F}.Ad-Hoc|iPhone.ActiveCfg = Debug|Any CPU
		{0B68D04B-BE9D-4A6B-906E-61183E46BB4F}.Ad-Hoc|iPhone.Build.0 = Debug|Any CPU
		{0B68D04B-BE9D-4A6B-906E-61183E46BB4F}.Ad-Hoc|iPhoneSimulator.ActiveCfg = Debug|Any CPU
		{0B68D04B-BE9D-4A6B-906E-61183E46BB4F}.Ad-Hoc|iPhoneSimulator.Build.0 = Debug|Any CPU
		{0B68D04B-BE9D-4A6B-906E-61183E46BB4F}.AppStore|Any CPU.ActiveCfg = Debug|Any CPU
		{0B68D04B-BE9D-4A6B-906E-61183E46BB4F}.AppStore|Any CPU.Build.0 = Debug|Any CPU
		{0B68D04B-BE9D-4A6B-906E-61183E46BB4F}.AppStore|iPhone.ActiveCfg = Debug|Any CPU
		{0B68D04B-BE9D-4A6B-906E-61183E46BB4F}.AppStore|iPhone.Build.0 = Debug|Any CPU
		{0B68D04B-BE9D-4A6B-906E-61183E46BB4F}.AppStore|iPhoneSimulator.ActiveCfg = Debug|Any CPU
		{0B68D04B-BE9D-4A6B-906E-61183E46BB4F}.AppStore|iPhoneSimulator.Build.0 = Debug|Any CPU
		{0B68D04B-BE9D-4A6B-906E-61183E46BB4F}.Debug|Any CPU.ActiveCfg = Debug|Any CPU
		{0B68D04B-BE9D-4A6B-906E-61183E46BB4F}.Debug|Any CPU.Build.0 = Debug|Any CPU
		{0B68D04B-BE9D-4A6B-906E-61183E46BB4F}.Debug|iPhone.ActiveCfg = Debug|Any CPU
		{0B68D04B-BE9D-4A6B-906E-61183E46BB4F}.Debug|iPhone.Build.0 = Debug|Any CPU
		{0B68D04B-BE9D-4A6B-906E-61183E46BB4F}.Debug|iPhoneSimulator.ActiveCfg = Debug|Any CPU
		{0B68D04B-BE9D-4A6B-906E-61183E46BB4F}.Debug|iPhoneSimulator.Build.0 = Debug|Any CPU
		{0B68D04B-BE9D-4A6B-906E-61183E46BB4F}.Release|Any CPU.ActiveCfg = Release|Any CPU
		{0B68D04B-BE9D-4A6B-906E-61183E46BB4F}.Release|Any CPU.Build.0 = Release|Any CPU
		{0B68D04B-BE9D-4A6B-906E-61183E46BB4F}.Release|iPhone.ActiveCfg = Release|Any CPU
		{0B68D04B-BE9D-4A6B-906E-61183E46BB4F}.Release|iPhone.Build.0 = Release|Any CPU
		{0B68D04B-BE9D-4A6B-906E-61183E46BB4F}.Release|iPhoneSimulator.ActiveCfg = Release|Any CPU
		{0B68D04B-BE9D-4A6B-906E-61183E46BB4F}.Release|iPhoneSimulator.Build.0 = Release|Any CPU
	EndGlobalSection
	GlobalSection(SolutionProperties) = preSolution
		HideSolutionNode = FALSE
	EndGlobalSection
	GlobalSection(ExtensibilityGlobals) = postSolution
		SolutionGuid = {34128D7D-CA6C-4B48-AD1F-2958259920CD}
	EndGlobalSection
EndGlobal
