
Microsoft Visual Studio Solution File, Format Version 12.00
# Visual Studio 15
VisualStudioVersion = 15.0.27130.2010
MinimumVisualStudioVersion = 10.0.40219.1
Project("{FAE04EC0-301F-11D3-BF4B-00C04F79EFBC}") = "TodoApp.Android", "TodoApp\TodoApp.Android\TodoApp.Android.csproj", "{07E28367-5B9E-49B0-BB11-DAADCD4632F2}"
EndProject
Project("{FAE04EC0-301F-11D3-BF4B-00C04F79EFBC}") = "TodoApp.iOS", "TodoApp\TodoApp.iOS\TodoApp.iOS.csproj", "{8A3818D8-F7C8-4DD2-A3FF-D6B6F615CFE0}"
EndProject
Project("{FAE04EC0-301F-11D3-BF4B-00C04F79EFBC}") = "TodoApp", "TodoApp\TodoApp\TodoApp.csproj", "{3B35C518-DE1B-4CF6-AF16-72680BBE11E8}"
EndProject
Global
	GlobalSection(SolutionConfigurationPlatforms) = preSolution
		Ad-Hoc|Any CPU = Ad-Hoc|Any CPU
		Ad-Hoc|iPhone = Ad-Hoc|iPhone
		Ad-Hoc|iPhoneSimulator = Ad-Hoc|iPhoneSimulator
		AppStore|Any CPU = AppStore|Any CPU
		AppStore|iPhone = AppStore|iPhone
		AppStore|iPhoneSimulator = AppStore|iPhoneSimulator
		Debug|Any CPU = Debug|Any CPU
		Debug|iPhone = Debug|iPhone
		Debug|iPhoneSimulator = Debug|iPhoneSimulator
		Release|Any CPU = Release|Any CPU
		Release|iPhone = Release|iPhone
		Release|iPhoneSimulator = Release|iPhoneSimulator
	EndGlobalSection
	GlobalSection(ProjectConfigurationPlatforms) = postSolution
		{07E28367-5B9E-49B0-BB11-DAADCD4632F2}.Ad-Hoc|Any CPU.ActiveCfg = Release|Any CPU
		{07E28367-5B9E-49B0-BB11-DAADCD4632F2}.Ad-Hoc|Any CPU.Build.0 = Release|Any CPU
		{07E28367-5B9E-49B0-BB11-DAADCD4632F2}.Ad-Hoc|Any CPU.Deploy.0 = Release|Any CPU
		{07E28367-5B9E-49B0-BB11-DAADCD4632F2}.Ad-Hoc|iPhone.ActiveCfg = Release|Any CPU
		{07E28367-5B9E-49B0-BB11-DAADCD4632F2}.Ad-Hoc|iPhone.Build.0 = Release|Any CPU
		{07E28367-5B9E-49B0-BB11-DAADCD4632F2}.Ad-Hoc|iPhone.Deploy.0 = Release|Any CPU
		{07E28367-5B9E-49B0-BB11-DAADCD4632F2}.Ad-Hoc|iPhoneSimulator.ActiveCfg = Release|Any CPU
		{07E28367-5B9E-49B0-BB11-DAADCD4632F2}.Ad-Hoc|iPhoneSimulator.Build.0 = Release|Any CPU
		{07E28367-5B9E-49B0-BB11-DAADCD4632F2}.Ad-Hoc|iPhoneSimulator.Deploy.0 = Release|Any CPU
		{07E28367-5B9E-49B0-BB11-DAADCD4632F2}.AppStore|Any CPU.ActiveCfg = Release|Any CPU
		{07E28367-5B9E-49B0-BB11-DAADCD4632F2}.AppStore|Any CPU.Build.0 = Release|Any CPU
		{07E28367-5B9E-49B0-BB11-DAADCD4632F2}.AppStore|Any CPU.Deploy.0 = Release|Any CPU
		{07E28367-5B9E-49B0-BB11-DAADCD4632F2}.AppStore|iPhone.ActiveCfg = Release|Any CPU
		{07E28367-5B9E-49B0-BB11-DAADCD4632F2}.AppStore|iPhone.Build.0 = Release|Any CPU
		{07E28367-5B9E-49B0-BB11-DAADCD4632F2}.AppStore|iPhone.Deploy.0 = Release|Any CPU
		{07E28367-5B9E-49B0-BB11-DAADCD4632F2}.AppStore|iPhoneSimulator.ActiveCfg = Release|Any CPU
		{07E28367-5B9E-49B0-BB11-DAADCD4632F2}.AppStore|iPhoneSimulator.Build.0 = Release|Any CPU
		{07E28367-5B9E-49B0-BB11-DAADCD4632F2}.AppStore|iPhoneSimulator.Deploy.0 = Release|Any CPU
		{07E28367-5B9E-49B0-BB11-DAADCD4632F2}.Debug|Any CPU.ActiveCfg = Debug|Any CPU
		{07E28367-5B9E-49B0-BB11-DAADCD4632F2}.Debug|Any CPU.Build.0 = Debug|Any CPU
		{07E28367-5B9E-49B0-BB11-DAADCD4632F2}.Debug|Any CPU.Deploy.0 = Debug|Any CPU
		{07E28367-5B9E-49B0-BB11-DAADCD4632F2}.Debug|iPhone.ActiveCfg = Debug|Any CPU
		{07E28367-5B9E-49B0-BB11-DAADCD4632F2}.Debug|iPhone.Build.0 = Debug|Any CPU
		{07E28367-5B9E-49B0-BB11-DAADCD4632F2}.Debug|iPhone.Deploy.0 = Debug|Any CPU
		{07E28367-5B9E-49B0-BB11-DAADCD4632F2}.Debug|iPhoneSimulator.ActiveCfg = Debug|Any CPU
		{07E28367-5B9E-49B0-BB11-DAADCD4632F2}.Debug|iPhoneSimulator.Build.0 = Debug|Any CPU
		{07E28367-5B9E-49B0-BB11-DAADCD4632F2}.Debug|iPhoneSimulator.Deploy.0 = Debug|Any CPU
		{07E28367-5B9E-49B0-BB11-DAADCD4632F2}.Release|Any CPU.ActiveCfg = Release|Any CPU
		{07E28367-5B9E-49B0-BB11-DAADCD4632F2}.Release|Any CPU.Build.0 = Release|Any CPU
		{07E28367-5B9E-49B0-BB11-DAADCD4632F2}.Release|Any CPU.Deploy.0 = Release|Any CPU
		{07E28367-5B9E-49B0-BB11-DAADCD4632F2}.Release|iPhone.ActiveCfg = Release|Any CPU
		{07E28367-5B9E-49B0-BB11-DAADCD4632F2}.Release|iPhone.Build.0 = Release|Any CPU
		{07E28367-5B9E-49B0-BB11-DAADCD4632F2}.Release|iPhone.Deploy.0 = Release|Any CPU
		{07E28367-5B9E-49B0-BB11-DAADCD4632F2}.Release|iPhoneSimulator.ActiveCfg = Release|Any CPU
		{07E28367-5B9E-49B0-BB11-DAADCD4632F2}.Release|iPhoneSimulator.Build.0 = Release|Any CPU
		{07E28367-5B9E-49B0-BB11-DAADCD4632F2}.Release|iPhoneSimulator.Deploy.0 = Release|Any CPU
		{8A3818D8-F7C8-4DD2-A3FF-D6B6F615CFE0}.Ad-Hoc|Any CPU.ActiveCfg = Ad-Hoc|iPhone
		{8A3818D8-F7C8-4DD2-A3FF-D6B6F615CFE0}.Ad-Hoc|iPhone.ActiveCfg = Ad-Hoc|iPhone
		{8A3818D8-F7C8-4DD2-A3FF-D6B6F615CFE0}.Ad-Hoc|iPhone.Build.0 = Ad-Hoc|iPhone
		{8A3818D8-F7C8-4DD2-A3FF-D6B6F615CFE0}.Ad-Hoc|iPhoneSimulator.ActiveCfg = Ad-Hoc|iPhoneSimulator
		{8A3818D8-F7C8-4DD2-A3FF-D6B6F615CFE0}.Ad-Hoc|iPhoneSimulator.Build.0 = Ad-Hoc|iPhoneSimulator
		{8A3818D8-F7C8-4DD2-A3FF-D6B6F615CFE0}.AppStore|Any CPU.ActiveCfg = AppStore|iPhone
		{8A3818D8-F7C8-4DD2-A3FF-D6B6F615CFE0}.AppStore|iPhone.ActiveCfg = AppStore|iPhone
		{8A3818D8-F7C8-4DD2-A3FF-D6B6F615CFE0}.AppStore|iPhone.Build.0 = AppStore|iPhone
		{8A3818D8-F7C8-4DD2-A3FF-D6B6F615CFE0}.AppStore|iPhoneSimulator.ActiveCfg = AppStore|iPhoneSimulator
		{8A3818D8-F7C8-4DD2-A3FF-D6B6F615CFE0}.AppStore|iPhoneSimulator.Build.0 = AppStore|iPhoneSimulator
		{8A3818D8-F7C8-4DD2-A3FF-D6B6F615CFE0}.Debug|Any CPU.ActiveCfg = Debug|iPhone
		{8A3818D8-F7C8-4DD2-A3FF-D6B6F615CFE0}.Debug|iPhone.ActiveCfg = Debug|iPhone
		{8A3818D8-F7C8-4DD2-A3FF-D6B6F615CFE0}.Debug|iPhone.Build.0 = Debug|iPhone
		{8A3818D8-F7C8-4DD2-A3FF-D6B6F615CFE0}.Debug|iPhoneSimulator.ActiveCfg = Debug|iPhoneSimulator
		{8A3818D8-F7C8-4DD2-A3FF-D6B6F615CFE0}.Debug|iPhoneSimulator.Build.0 = Debug|iPhoneSimulator
		{8A3818D8-F7C8-4DD2-A3FF-D6B6F615CFE0}.Release|Any CPU.ActiveCfg = Release|iPhone
		{8A3818D8-F7C8-4DD2-A3FF-D6B6F615CFE0}.Release|iPhone.ActiveCfg = Release|iPhone
		{8A3818D8-F7C8-4DD2-A3FF-D6B6F615CFE0}.Release|iPhone.Build.0 = Release|iPhone
		{8A3818D8-F7C8-4DD2-A3FF-D6B6F615CFE0}.Release|iPhoneSimulator.ActiveCfg = Release|iPhoneSimulator
		{8A3818D8-F7C8-4DD2-A3FF-D6B6F615CFE0}.Release|iPhoneSimulator.Build.0 = Release|iPhoneSimulator
		{3B35C518-DE1B-4CF6-AF16-72680BBE11E8}.Ad-Hoc|Any CPU.ActiveCfg = Debug|Any CPU
		{3B35C518-DE1B-4CF6-AF16-72680BBE11E8}.Ad-Hoc|Any CPU.Build.0 = Debug|Any CPU
		{3B35C518-DE1B-4CF6-AF16-72680BBE11E8}.Ad-Hoc|iPhone.ActiveCfg = Debug|Any CPU
		{3B35C518-DE1B-4CF6-AF16-72680BBE11E8}.Ad-Hoc|iPhone.Build.0 = Debug|Any CPU
		{3B35C518-DE1B-4CF6-AF16-72680BBE11E8}.Ad-Hoc|iPhoneSimulator.ActiveCfg = Debug|Any CPU
		{3B35C518-DE1B-4CF6-AF16-72680BBE11E8}.Ad-Hoc|iPhoneSimulator.Build.0 = Debug|Any CPU
		{3B35C518-DE1B-4CF6-AF16-72680BBE11E8}.AppStore|Any CPU.ActiveCfg = Debug|Any CPU
		{3B35C518-DE1B-4CF6-AF16-72680BBE11E8}.AppStore|Any CPU.Build.0 = Debug|Any CPU
		{3B35C518-DE1B-4CF6-AF16-72680BBE11E8}.AppStore|iPhone.ActiveCfg = Debug|Any CPU
		{3B35C518-DE1B-4CF6-AF16-72680BBE11E8}.AppStore|iPhone.Build.0 = Debug|Any CPU
		{3B35C518-DE1B-4CF6-AF16-72680BBE11E8}.AppStore|iPhoneSimulator.ActiveCfg = Debug|Any CPU
		{3B35C518-DE1B-4CF6-AF16-72680BBE11E8}.AppStore|iPhoneSimulator.Build.0 = Debug|Any CPU
		{3B35C518-DE1B-4CF6-AF16-72680BBE11E8}.Debug|Any CPU.ActiveCfg = Debug|Any CPU
		{3B35C518-DE1B-4CF6-AF16-72680BBE11E8}.Debug|Any CPU.Build.0 = Debug|Any CPU
		{3B35C518-DE1B-4CF6-AF16-72680BBE11E8}.Debug|iPhone.ActiveCfg = Debug|Any CPU
		{3B35C518-DE1B-4CF6-AF16-72680BBE11E8}.Debug|iPhone.Build.0 = Debug|Any CPU
		{3B35C518-DE1B-4CF6-AF16-72680BBE11E8}.Debug|iPhoneSimulator.ActiveCfg = Debug|Any CPU
		{3B35C518-DE1B-4CF6-AF16-72680BBE11E8}.Debug|iPhoneSimulator.Build.0 = Debug|Any CPU
		{3B35C518-DE1B-4CF6-AF16-72680BBE11E8}.Release|Any CPU.ActiveCfg = Release|Any CPU
		{3B35C518-DE1B-4CF6-AF16-72680BBE11E8}.Release|Any CPU.Build.0 = Release|Any CPU
		{3B35C518-DE1B-4CF6-AF16-72680BBE11E8}.Release|iPhone.ActiveCfg = Release|Any CPU
		{3B35C518-DE1B-4CF6-AF16-72680BBE11E8}.Release|iPhone.Build.0 = Release|Any CPU
		{3B35C518-DE1B-4CF6-AF16-72680BBE11E8}.Release|iPhoneSimulator.ActiveCfg = Release|Any CPU
		{3B35C518-DE1B-4CF6-AF16-72680BBE11E8}.Release|iPhoneSimulator.Build.0 = Release|Any CPU
	EndGlobalSection
	GlobalSection(SolutionProperties) = preSolution
		HideSolutionNode = FALSE
	EndGlobalSection
	GlobalSection(ExtensibilityGlobals) = postSolution
		SolutionGuid = {DEEF0420-6951-4E72-9EB9-2CB20B35BB19}
	EndGlobalSection
EndGlobal
